{
  "name": "@gabrielvfonseca/pixverse-provider",
  "version": "2026.7.2",
  "lockfileVersion": 3,
  "requires": true,
  "packages": {
    "": {
      "name": "@gabrielvfonseca/pixverse-provider",
      "version": "2026.7.2",
      "peerDependencies": {
        "@gabrielvfonseca/operator": ">=2026.7.2"
      },
      "peerDependenciesMeta": {
        "@gabrielvfonseca/operator": {
          "optional": true
        }
      }
    }
  }
}
